{
  "name": "saas-game",
  "version": "1.0.0",
  "lockfileVersion": 1,
  "requires": true,
  "dependencies": {
    "chroma-js": {
      "version": "1.3.6",
      "resolved": "https://registry.npmjs.org/chroma-js/-/chroma-js-1.3.6.tgz",
      "integrity": "sha512-UGTgpHKEvDspZHVLEaYr6DXa3/eA+9u2FYL69OO62WSuIeKj+6z3bwN0Uyfn2YflSD+7Z3SJOehNbrNCFkGGnQ=="
    },
    "hammerjs": {
      "version": "2.0.8",
      "resolved": "https://registry.npmjs.org/hammerjs/-/hammerjs-2.0.8.tgz",
      "integrity": "sha1-BO93hiz/K7edMPdpIJWTAiK/YPE="
    },
    "lodash": {
      "version": "4.17.5",
      "resolved": "https://registry.npmjs.org/lodash/-/lodash-4.17.5.tgz",
      "integrity": "sha512-svL3uiZf1RwhH+cWrfZn3A4+U58wbP0tGVTLQPbjplZxZ8ROD9VLuNgsRniTlLe7OlSqR79RUehXgpBW/s0IQw=="
    },
    "numeral": {
      "version": "1.5.6",
      "resolved": "https://registry.npmjs.org/numeral/-/numeral-1.5.6.tgz",
      "integrity": "sha1-ODHbloRRuc9q/5v5WSXx7443sz8="
    },
    "three": {
      "version": "0.86.0",
      "resolved": "https://registry.npmjs.org/three/-/three-0.86.0.tgz",
      "integrity": "sha1-HDPkdqFTfpqKGPV5LQJLEEbNIAA="
    },
    "tween.js": {
      "version": "16.6.0",
      "resolved": "https://registry.npmjs.org/tween.js/-/tween.js-16.6.0.tgz",
      "integrity": "sha1-c5EEyTNsxPEe5T+c587eUeZyNiQ="
    },
    "typescript": {
      "version": "2.8.1",
      "resolved": "https://registry.npmjs.org/typescript/-/typescript-2.8.1.tgz",
      "integrity": "sha512-Ao/f6d/4EPLq0YwzsQz8iXflezpTkQzqAyenTiw4kCUGr1uPiFLC3+fZ+gMZz6eeI/qdRUqvC+HxIJzUAzEFdg=="
    },
    "vizceral": {
      "version": "4.6.0",
      "resolved": "https://registry.npmjs.org/vizceral/-/vizceral-4.6.0.tgz",
      "integrity": "sha512-snchDh+InneXsaUlwQEWVv0ZMIR1D4Gk4yAyyUJnzlZXNgQGxnEj2U0EwFW9jyUQ5reb6bZuhnOyOEn4jYty0g==",
      "requires": {
        "chroma-js": "1.3.6",
        "hammerjs": "2.0.8",
        "lodash": "4.17.5",
        "numeral": "1.5.6",
        "three": "0.86.0",
        "tween.js": "16.6.0"
      }
    }
  }
}
